{
  "name": "tab-saver",
  "version": "1.0.0",
  "lockfileVersion": 1,
  "requires": true,
  "dependencies": {
    "@reeywhaar/svgmaker": {
      "version": "0.1.0",
      "resolved": "https://registry.npmjs.org/@reeywhaar/svgmaker/-/svgmaker-0.1.0.tgz",
      "integrity": "sha512-kLlB5UQoQ4cVW3/oaH9PXFLw6GBKrsnxLx1KvVs3OoM548swBcw/0Pjp7dqBVS88bx73nVnAf4Yb7VBR+xMs6Q==",
      "dev": true
    }
  }
}
