{
  "name": "tab-saver",
  "version": "1.0.0",
  "lockfileVersion": 1,
  "requires": true,
  "dependencies": {
    "@reeywhaar/svgmaker": {
      "version": "0.0.1",
      "resolved": "https://registry.npmjs.org/@reeywhaar/svgmaker/-/svgmaker-0.0.1.tgz",
      "integrity": "sha512-rOQSWplxJCw8jE213pI0H+WHeGwyMdG5kfiii4orVcYugZcx1pp1Ymgt5BmB69n7LgGcKmI/w8k/Gt0MGjOfsw==",
      "dev": true
    }
  }
}
